// !$*UTF8*$!
{
	archiveVersion = 1;
	classes = {
	};
	objectVersion = 48;
	objects = {

/* Begin PBXBuildFile section */
		110B9B661FF807FD006EAE8D /* Shapes.cpp in Sources */ = {isa = PBXBuildFile; fileRef = 110B9B641FF807FD006EAE8D /* Shapes.cpp */; };
		110B9B6A1FF989B4006EAE8D /* Util.cpp in Sources */ = {isa = PBXBuildFile; fileRef = 110B9B681FF989B4006EAE8D /* Util.cpp */; };
		110B9B6D1FFA9CAF006EAE8D /* Engine.cpp in Sources */ = {isa = PBXBuildFile; fileRef = 110B9B6B1FFA9CAF006EAE8D /* Engine.cpp */; };
		112F67F31FEAFC4F00D51E07 /* main.cpp in Sources */ = {isa = PBXBuildFile; fileRef = 112F67F21FEAFC4F00D51E07 /* main.cpp */; };
		112F67FB1FEAFC6C00D51E07 /* OpenGL.framework in Frameworks */ = {isa = PBXBuildFile; fileRef = 112F67FA1FEAFC5E00D51E07 /* OpenGL.framework */; };
		112F67FD1FEAFC8400D51E07 /* libGLEW.2.1.0.dylib in Frameworks */ = {isa = PBXBuildFile; fileRef = 112F67FC1FEAFC8400D51E07 /* libGLEW.2.1.0.dylib */; };
		112F67FF1FEAFCA500D51E07 /* libglfw3.a in Frameworks */ = {isa = PBXBuildFile; fileRef = 112F67FE1FEAFCA500D51E07 /* libglfw3.a */; };
		112F68011FEAFCB900D51E07 /* Cocoa.framework in Frameworks */ = {isa = PBXBuildFile; fileRef = 112F68001FEAFCAF00D51E07 /* Cocoa.framework */; };
		112F68031FEAFCC800D51E07 /* CoreVideo.framework in Frameworks */ = {isa = PBXBuildFile; fileRef = 112F68021FEAFCC500D51E07 /* CoreVideo.framework */; };
		112F68051FEAFCE400D51E07 /* IOKit.framework in Frameworks */ = {isa = PBXBuildFile; fileRef = 112F68041FEAFCE100D51E07 /* IOKit.framework */; };
		112F68081FEB002A00D51E07 /* Window.cpp in Sources */ = {isa = PBXBuildFile; fileRef = 112F68061FEB002A00D51E07 /* Window.cpp */; };
		118B5509200AADB000F5648A /* Object.cpp in Sources */ = {isa = PBXBuildFile; fileRef = 118B5507200AADB000F5648A /* Object.cpp */; };
/* End PBXBuildFile section */

/* Begin PBXCopyFilesBuildPhase section */
		112F67ED1FEAFC4E00D51E07 /* CopyFiles */ = {
			isa = PBXCopyFilesBuildPhase;
			buildActionMask = 2147483647;
			dstPath = /usr/share/man/man1/;
			dstSubfolderSpec = 0;
			files = (
			);
			runOnlyForDeploymentPostprocessing = 1;
		};
/* End PBXCopyFilesBuildPhase section */

/* Begin PBXFileReference section */
		110B9B641FF807FD006EAE8D /* Shapes.cpp */ = {isa = PBXFileReference; lastKnownFileType = sourcecode.cpp.cpp; path = Shapes.cpp; sourceTree = "<group>"; };
		110B9B651FF807FD006EAE8D /* Shapes.hpp */ = {isa = PBXFileReference; lastKnownFileType = sourcecode.cpp.h; path = Shapes.hpp; sourceTree = "<group>"; };
		110B9B671FF80858006EAE8D /* common.h */ = {isa = PBXFileReference; lastKnownFileType = sourcecode.c.h; path = common.h; sourceTree = "<group>"; };
		110B9B681FF989B4006EAE8D /* Util.cpp */ = {isa = PBXFileReference; lastKnownFileType = sourcecode.cpp.cpp; path = Util.cpp; sourceTree = "<group>"; };
		110B9B691FF989B4006EAE8D /* Util.hpp */ = {isa = PBXFileReference; lastKnownFileType = sourcecode.cpp.h; path = Util.hpp; sourceTree = "<group>"; };
		110B9B6B1FFA9CAF006EAE8D /* Engine.cpp */ = {isa = PBXFileReference; lastKnownFileType = sourcecode.cpp.cpp; path = Engine.cpp; sourceTree = "<group>"; };
		110B9B6C1FFA9CAF006EAE8D /* Engine.hpp */ = {isa = PBXFileReference; lastKnownFileType = sourcecode.cpp.h; path = Engine.hpp; sourceTree = "<group>"; };
		112F67EF1FEAFC4E00D51E07 /* GameEngine */ = {isa = PBXFileReference; explicitFileType = "compiled.mach-o.executable"; includeInIndex = 0; path = GameEngine; sourceTree = BUILT_PRODUCTS_DIR; };
		112F67F21FEAFC4F00D51E07 /* main.cpp */ = {isa = PBXFileReference; lastKnownFileType = sourcecode.cpp.cpp; path = main.cpp; sourceTree = "<group>"; };
		112F67FA1FEAFC5E00D51E07 /* OpenGL.framework */ = {isa = PBXFileReference; lastKnownFileType = wrapper.framework; name = OpenGL.framework; path = System/Library/Frameworks/OpenGL.framework; sourceTree = SDKROOT; };
		112F67FC1FEAFC8400D51E07 /* libGLEW.2.1.0.dylib */ = {isa = PBXFileReference; lastKnownFileType = "compiled.mach-o.dylib"; name = libGLEW.2.1.0.dylib; path = ../../../../usr/local/Cellar/glew/2.1.0/lib/libGLEW.2.1.0.dylib; sourceTree = "<group>"; };
		112F67FE1FEAFCA500D51E07 /* libglfw3.a */ = {isa = PBXFileReference; lastKnownFileType = archive.ar; name = libglfw3.a; path = ../../../../usr/local/lib/libglfw3.a; sourceTree = "<group>"; };
		112F68001FEAFCAF00D51E07 /* Cocoa.framework */ = {isa = PBXFileReference; lastKnownFileType = wrapper.framework; name = Cocoa.framework; path = System/Library/Frameworks/Cocoa.framework; sourceTree = SDKROOT; };
		112F68021FEAFCC500D51E07 /* CoreVideo.framework */ = {isa = PBXFileReference; lastKnownFileType = wrapper.framework; name = CoreVideo.framework; path = System/Library/Frameworks/CoreVideo.framework; sourceTree = SDKROOT; };
		112F68041FEAFCE100D51E07 /* IOKit.framework */ = {isa = PBXFileReference; lastKnownFileType = wrapper.framework; name = IOKit.framework; path = System/Library/Frameworks/IOKit.framework; sourceTree = SDKROOT; };
		112F68061FEB002A00D51E07 /* Window.cpp */ = {isa = PBXFileReference; lastKnownFileType = sourcecode.cpp.cpp; path = Window.cpp; sourceTree = "<group>"; };
		112F68071FEB002A00D51E07 /* Window.hpp */ = {isa = PBXFileReference; lastKnownFileType = sourcecode.cpp.h; path = Window.hpp; sourceTree = "<group>"; };
		118B5507200AADB000F5648A /* Object.cpp */ = {isa = PBXFileReference; fileEncoding = 4; lastKnownFileType = sourcecode.cpp.cpp; path = Object.cpp; sourceTree = "<group>"; };
		118B5508200AADB000F5648A /* Object.hpp */ = {isa = PBXFileReference; fileEncoding = 4; lastKnownFileType = sourcecode.cpp.h; path = Object.hpp; sourceTree = "<group>"; };
		11DCB56E1FFAA875006A4858 /* SimpleFragmentShader.fragmentshader */ = {isa = PBXFileReference; fileEncoding = 4; lastKnownFileType = text; path = SimpleFragmentShader.fragmentshader; sourceTree = "<group>"; };
		11DCB56F1FFAA875006A4858 /* SimpleVertexShader.vertexshader */ = {isa = PBXFileReference; fileEncoding = 4; lastKnownFileType = text; path = SimpleVertexShader.vertexshader; sourceTree = "<group>"; };
/* End PBXFileReference section */

/* Begin PBXFrameworksBuildPhase section */
		112F67EC1FEAFC4E00D51E07 /* Frameworks */ = {
			isa = PBXFrameworksBuildPhase;
			buildActionMask = 2147483647;
			files = (
				112F68051FEAFCE400D51E07 /* IOKit.framework in Frameworks */,
				112F68031FEAFCC800D51E07 /* CoreVideo.framework in Frameworks */,
				112F68011FEAFCB900D51E07 /* Cocoa.framework in Frameworks */,
				112F67FF1FEAFCA500D51E07 /* libglfw3.a in Frameworks */,
				112F67FD1FEAFC8400D51E07 /* libGLEW.2.1.0.dylib in Frameworks */,
				112F67FB1FEAFC6C00D51E07 /* OpenGL.framework in Frameworks */,
			);
			runOnlyForDeploymentPostprocessing = 0;
		};
/* End PBXFrameworksBuildPhase section */

/* Begin PBXGroup section */
		112F67E61FEAFC4E00D51E07 = {
			isa = PBXGroup;
			children = (
				112F67F11FEAFC4E00D51E07 /* GameEngine */,
				112F67F01FEAFC4E00D51E07 /* Products */,
				112F67F91FEAFC5E00D51E07 /* Frameworks */,
			);
			sourceTree = "<group>";
		};
		112F67F01FEAFC4E00D51E07 /* Products */ = {
			isa = PBXGroup;
			children = (
				112F67EF1FEAFC4E00D51E07 /* GameEngine */,
			);
			name = Products;
			sourceTree = "<group>";
		};
		112F67F11FEAFC4E00D51E07 /* GameEngine */ = {
			isa = PBXGroup;
			children = (
				118B5506200AAD9000F5648A /* Objects */,
				112F67F21FEAFC4F00D51E07 /* main.cpp */,
				110B9B6C1FFA9CAF006EAE8D /* Engine.hpp */,
				110B9B6B1FFA9CAF006EAE8D /* Engine.cpp */,
				110B9B651FF807FD006EAE8D /* Shapes.hpp */,
				110B9B641FF807FD006EAE8D /* Shapes.cpp */,
				110B9B671FF80858006EAE8D /* common.h */,
				112F68071FEB002A00D51E07 /* Window.hpp */,
				112F68061FEB002A00D51E07 /* Window.cpp */,
				11DCB56F1FFAA875006A4858 /* SimpleVertexShader.vertexshader */,
				11DCB56E1FFAA875006A4858 /* SimpleFragmentShader.fragmentshader */,
				110B9B691FF989B4006EAE8D /* Util.hpp */,
				110B9B681FF989B4006EAE8D /* Util.cpp */,
			);
			path = GameEngine;
			sourceTree = "<group>";
		};
		112F67F91FEAFC5E00D51E07 /* Frameworks */ = {
			isa = PBXGroup;
			children = (
				112F68041FEAFCE100D51E07 /* IOKit.framework */,
				112F68021FEAFCC500D51E07 /* CoreVideo.framework */,
				112F68001FEAFCAF00D51E07 /* Cocoa.framework */,
				112F67FE1FEAFCA500D51E07 /* libglfw3.a */,
				112F67FC1FEAFC8400D51E07 /* libGLEW.2.1.0.dylib */,
				112F67FA1FEAFC5E00D51E07 /* OpenGL.framework */,
			);
			name = Frameworks;
			sourceTree = "<group>";
		};
		118B5506200AAD9000F5648A /* Objects */ = {
			isa = PBXGroup;
			children = (
				118B5507200AADB000F5648A /* Object.cpp */,
				118B5508200AADB000F5648A /* Object.hpp */,
			);
			name = Objects;
			sourceTree = "<group>";
		};
/* End PBXGroup section */

/* Begin PBXNativeTarget section */
		112F67EE1FEAFC4E00D51E07 /* GameEngine */ = {
			isa = PBXNativeTarget;
			buildConfigurationList = 112F67F61FEAFC4F00D51E07 /* Build configuration list for PBXNativeTarget "GameEngine" */;
			buildPhases = (
				112F67EB1FEAFC4E00D51E07 /* Sources */,
				112F67EC1FEAFC4E00D51E07 /* Frameworks */,
				112F67ED1FEAFC4E00D51E07 /* CopyFiles */,
			);
			buildRules = (
			);
			dependencies = (
			);
			name = GameEngine;
			productName = JK_OpenGL_Tutorial;
			productReference = 112F67EF1FEAFC4E00D51E07 /* GameEngine */;
			productType = "com.apple.product-type.tool";
		};
/* End PBXNativeTarget section */

/* Begin PBXProject section */
		112F67E71FEAFC4E00D51E07 /* Project object */ = {
			isa = PBXProject;
			attributes = {
				LastUpgradeCheck = 0910;
				ORGANIZATIONNAME = skware;
				TargetAttributes = {
					112F67EE1FEAFC4E00D51E07 = {
						CreatedOnToolsVersion = 9.1;
						ProvisioningStyle = Automatic;
					};
				};
			};
			buildConfigurationList = 112F67EA1FEAFC4E00D51E07 /* Build configuration list for PBXProject "GameEngine" */;
			compatibilityVersion = "Xcode 8.0";
			developmentRegion = en;
			hasScannedForEncodings = 0;
			knownRegions = (
				en,
			);
			mainGroup = 112F67E61FEAFC4E00D51E07;
			productRefGroup = 112F67F01FEAFC4E00D51E07 /* Products */;
			projectDirPath = "";
			projectRoot = "";
			targets = (
				112F67EE1FEAFC4E00D51E07 /* GameEngine */,
			);
		};
/* End PBXProject section */

/* Begin PBXSourcesBuildPhase section */
		112F67EB1FEAFC4E00D51E07 /* Sources */ = {
			isa = PBXSourcesBuildPhase;
			buildActionMask = 2147483647;
			files = (
				110B9B661FF807FD006EAE8D /* Shapes.cpp in Sources */,
				112F68081FEB002A00D51E07 /* Window.cpp in Sources */,
				118B5509200AADB000F5648A /* Object.cpp in Sources */,
				112F67F31FEAFC4F00D51E07 /* main.cpp in Sources */,
				110B9B6A1FF989B4006EAE8D /* Util.cpp in Sources */,
				110B9B6D1FFA9CAF006EAE8D /* Engine.cpp in Sources */,
			);
			runOnlyForDeploymentPostprocessing = 0;
		};
/* End PBXSourcesBuildPhase section */

/* Begin XCBuildConfiguration section */
		112F67F41FEAFC4F00D51E07 /* Debug */ = {
			isa = XCBuildConfiguration;
			buildSettings = {
				ALWAYS_SEARCH_USER_PATHS = NO;
				CLANG_ANALYZER_NONNULL = YES;
				CLANG_ANALYZER_NUMBER_OBJECT_CONVERSION = YES_AGGRESSIVE;
				CLANG_CXX_LANGUAGE_STANDARD = "gnu++14";
				CLANG_CXX_LIBRARY = "libc++";
				CLANG_ENABLE_MODULES = YES;
				CLANG_ENABLE_OBJC_ARC = YES;
				CLANG_WARN_BLOCK_CAPTURE_AUTORELEASING = YES;
				CLANG_WARN_BOOL_CONVERSION = YES;
				CLANG_WARN_COMMA = YES;
				CLANG_WARN_CONSTANT_CONVERSION = YES;
				CLANG_WARN_DIRECT_OBJC_ISA_USAGE = YES_ERROR;
				CLANG_WARN_DOCUMENTATION_COMMENTS = YES;
				CLANG_WARN_EMPTY_BODY = YES;
				CLANG_WARN_ENUM_CONVERSION = YES;
				CLANG_WARN_INFINITE_RECURSION = YES;
				CLANG_WARN_INT_CONVERSION = YES;
				CLANG_WARN_NON_LITERAL_NULL_CONVERSION = YES;
				CLANG_WARN_OBJC_LITERAL_CONVERSION = YES;
				CLANG_WARN_OBJC_ROOT_CLASS = YES_ERROR;
				CLANG_WARN_RANGE_LOOP_ANALYSIS = YES;
				CLANG_WARN_STRICT_PROTOTYPES = YES;
				CLANG_WARN_SUSPICIOUS_MOVE = YES;
				CLANG_WARN_UNGUARDED_AVAILABILITY = YES_AGGRESSIVE;
				CLANG_WARN_UNREACHABLE_CODE = YES;
				CLANG_WARN__DUPLICATE_METHOD_MATCH = YES;
				CODE_SIGN_IDENTITY = "-";
				COPY_PHASE_STRIP = NO;
				DEBUG_INFORMATION_FORMAT = dwarf;
				ENABLE_STRICT_OBJC_MSGSEND = YES;
				ENABLE_TESTABILITY = YES;
				GCC_C_LANGUAGE_STANDARD = gnu11;
				GCC_DYNAMIC_NO_PIC = NO;
				GCC_NO_COMMON_BLOCKS = YES;
				GCC_OPTIMIZATION_LEVEL = 0;
				GCC_PREPROCESSOR_DEFINITIONS = (
					"DEBUG=1",
					"$(inherited)",
				);
				GCC_WARN_64_TO_32_BIT_CONVERSION = YES;
				GCC_WARN_ABOUT_RETURN_TYPE = YES_ERROR;
				GCC_WARN_UNDECLARED_SELECTOR = YES;
				GCC_WARN_UNINITIALIZED_AUTOS = YES_AGGRESSIVE;
				GCC_WARN_UNUSED_FUNCTION = YES;
				GCC_WARN_UNUSED_VARIABLE = YES;
				MACOSX_DEPLOYMENT_TARGET = 10.13;
				MTL_ENABLE_DEBUG_INFO = YES;
				ONLY_ACTIVE_ARCH = YES;
				SDKROOT = macosx;
			};
			name = Debug;
		};
		112F67F51FEAFC4F00D51E07 /* Release */ = {
			isa = XCBuildConfiguration;
			buildSettings = {
				ALWAYS_SEARCH_USER_PATHS = NO;
				CLANG_ANALYZER_NONNULL = YES;
				CLANG_ANALYZER_NUMBER_OBJECT_CONVERSION = YES_AGGRESSIVE;
				CLANG_CXX_LANGUAGE_STANDARD = "gnu++14";
				CLANG_CXX_LIBRARY = "libc++";
				CLANG_ENABLE_MODULES = YES;
				CLANG_ENABLE_OBJC_ARC = YES;
				CLANG_WARN_BLOCK_CAPTURE_AUTORELEASING = YES;
				CLANG_WARN_BOOL_CONVERSION = YES;
				CLANG_WARN_COMMA = YES;
				CLANG_WARN_CONSTANT_CONVERSION = YES;
				CLANG_WARN_DIRECT_OBJC_ISA_USAGE = YES_ERROR;
				CLANG_WARN_DOCUMENTATION_COMMENTS = YES;
				CLANG_WARN_EMPTY_BODY = YES;
				CLANG_WARN_ENUM_CONVERSION = YES;
				CLANG_WARN_INFINITE_RECURSION = YES;
				CLANG_WARN_INT_CONVERSION = YES;
				CLANG_WARN_NON_LITERAL_NULL_CONVERSION = YES;
				CLANG_WARN_OBJC_LITERAL_CONVERSION = YES;
				CLANG_WARN_OBJC_ROOT_CLASS = YES_ERROR;
				CLANG_WARN_RANGE_LOOP_ANALYSIS = YES;
				CLANG_WARN_STRICT_PROTOTYPES = YES;
				CLANG_WARN_SUSPICIOUS_MOVE = YES;
				CLANG_WARN_UNGUARDED_AVAILABILITY = YES_AGGRESSIVE;
				CLANG_WARN_UNREACHABLE_CODE = YES;
				CLANG_WARN__DUPLICATE_METHOD_MATCH = YES;
				CODE_SIGN_IDENTITY = "-";
				COPY_PHASE_STRIP = NO;
				DEBUG_INFORMATION_FORMAT = "dwarf-with-dsym";
				ENABLE_NS_ASSERTIONS = NO;
				ENABLE_STRICT_OBJC_MSGSEND = YES;
				GCC_C_LANGUAGE_STANDARD = gnu11;
				GCC_NO_COMMON_BLOCKS = YES;
				GCC_WARN_64_TO_32_BIT_CONVERSION = YES;
				GCC_WARN_ABOUT_RETURN_TYPE = YES_ERROR;
				GCC_WARN_UNDECLARED_SELECTOR = YES;
				GCC_WARN_UNINITIALIZED_AUTOS = YES_AGGRESSIVE;
				GCC_WARN_UNUSED_FUNCTION = YES;
				GCC_WARN_UNUSED_VARIABLE = YES;
				MACOSX_DEPLOYMENT_TARGET = 10.13;
				MTL_ENABLE_DEBUG_INFO = NO;
				SDKROOT = macosx;
			};
			name = Release;
		};
		112F67F71FEAFC4F00D51E07 /* Debug */ = {
			isa = XCBuildConfiguration;
			buildSettings = {
				CODE_SIGN_STYLE = Automatic;
				FRAMEWORK_SEARCH_PATHS = "";
				HEADER_SEARCH_PATHS = /usr/local/include;
				LIBRARY_SEARCH_PATHS = (
					/usr/local/lib,
					"$(inherited)",
				);
				PRODUCT_NAME = "$(TARGET_NAME)";
			};
			name = Debug;
		};
		112F67F81FEAFC4F00D51E07 /* Release */ = {
			isa = XCBuildConfiguration;
			buildSettings = {
				CODE_SIGN_STYLE = Automatic;
				FRAMEWORK_SEARCH_PATHS = "";
				HEADER_SEARCH_PATHS = /usr/local/include;
				LIBRARY_SEARCH_PATHS = (
					/usr/local/lib,
					"$(inherited)",
				);
				PRODUCT_NAME = "$(TARGET_NAME)";
			};
			name = Release;
		};
/* End XCBuildConfiguration section */

/* Begin XCConfigurationList section */
		112F67EA1FEAFC4E00D51E07 /* Build configuration list for PBXProject "GameEngine" */ = {
			isa = XCConfigurationList;
			buildConfigurations = (
				112F67F41FEAFC4F00D51E07 /* Debug */,
				112F67F51FEAFC4F00D51E07 /* Release */,
			);
			defaultConfigurationIsVisible = 0;
			defaultConfigurationName = Release;
		};
		112F67F61FEAFC4F00D51E07 /* Build configuration list for PBXNativeTarget "GameEngine" */ = {
			isa = XCConfigurationList;
			buildConfigurations = (
				112F67F71FEAFC4F00D51E07 /* Debug */,
				112F67F81FEAFC4F00D51E07 /* Release */,
			);
			defaultConfigurationIsVisible = 0;
			defaultConfigurationName = Release;
		};
/* End XCConfigurationList section */
	};
	rootObject = 112F67E71FEAFC4E00D51E07 /* Project object */;
}
